// !$*UTF8*$!
{
	archiveVersion = 1;
	classes = {
	};
	objectVersion = 48;
	objects = {

/* Begin PBXBuildFile section */
		7AEC29DD2013828C00B13116 /* AppDelegate.swift in Sources */ = {isa = PBXBuildFile; fileRef = 7AEC29DC2013828C00B13116 /* AppDelegate.swift */; };
		7AEC29DF2013828C00B13116 /* ViewController.swift in Sources */ = {isa = PBXBuildFile; fileRef = 7AEC29DE2013828C00B13116 /* ViewController.swift */; };
		7AEC29E22013828C00B13116 /* Main.storyboard in Resources */ = {isa = PBXBuildFile; fileRef = 7AEC29E02013828C00B13116 /* Main.storyboard */; };
		7AEC29E52013828C00B13116 /* ToDidApp.xcdatamodeld in Sources */ = {isa = PBXBuildFile; fileRef = 7AEC29E32013828C00B13116 /* ToDidApp.xcdatamodeld */; };
		7AEC29E72013828C00B13116 /* Assets.xcassets in Resources */ = {isa = PBXBuildFile; fileRef = 7AEC29E62013828C00B13116 /* Assets.xcassets */; };
		7AEC29EA2013828C00B13116 /* LaunchScreen.storyboard in Resources */ = {isa = PBXBuildFile; fileRef = 7AEC29E82013828C00B13116 /* LaunchScreen.storyboard */; };
		7AEC29F52013828C00B13116 /* ToDidAppTests.swift in Sources */ = {isa = PBXBuildFile; fileRef = 7AEC29F42013828C00B13116 /* ToDidAppTests.swift */; };
		7AEC2A002013828C00B13116 /* ToDidAppUITests.swift in Sources */ = {isa = PBXBuildFile; fileRef = 7AEC29FF2013828C00B13116 /* ToDidAppUITests.swift */; };
/* End PBXBuildFile section */

/* Begin PBXContainerItemProxy section */
		7AEC29F12013828C00B13116 /* PBXContainerItemProxy */ = {
			isa = PBXContainerItemProxy;
			containerPortal = 7AEC29D12013828C00B13116 /* Project object */;
			proxyType = 1;
			remoteGlobalIDString = 7AEC29D82013828C00B13116;
			remoteInfo = ToDidApp;
		};
		7AEC29FC2013828C00B13116 /* PBXContainerItemProxy */ = {
			isa = PBXContainerItemProxy;
			containerPortal = 7AEC29D12013828C00B13116 /* Project object */;
			proxyType = 1;
			remoteGlobalIDString = 7AEC29D82013828C00B13116;
			remoteInfo = ToDidApp;
		};
/* End PBXContainerItemProxy section */

/* Begin PBXFileReference section */
		7AEC29D92013828C00B13116 /* ToDidApp.app */ = {isa = PBXFileReference; explicitFileType = wrapper.application; includeInIndex = 0; path = ToDidApp.app; sourceTree = BUILT_PRODUCTS_DIR; };
		7AEC29DC2013828C00B13116 /* AppDelegate.swift */ = {isa = PBXFileReference; lastKnownFileType = sourcecode.swift; path = AppDelegate.swift; sourceTree = "<group>"; };
		7AEC29DE2013828C00B13116 /* ViewController.swift */ = {isa = PBXFileReference; lastKnownFileType = sourcecode.swift; path = ViewController.swift; sourceTree = "<group>"; };
		7AEC29E12013828C00B13116 /* Base */ = {isa = PBXFileReference; lastKnownFileType = file.storyboard; name = Base; path = Base.lproj/Main.storyboard; sourceTree = "<group>"; };
		7AEC29E42013828C00B13116 /* ToDidApp.xcdatamodel */ = {isa = PBXFileReference; lastKnownFileType = wrapper.xcdatamodel; path = ToDidApp.xcdatamodel; sourceTree = "<group>"; };
		7AEC29E62013828C00B13116 /* Assets.xcassets */ = {isa = PBXFileReference; lastKnownFileType = folder.assetcatalog; path = Assets.xcassets; sourceTree = "<group>"; };
		7AEC29E92013828C00B13116 /* Base */ = {isa = PBXFileReference; lastKnownFileType = file.storyboard; name = Base; path = Base.lproj/LaunchScreen.storyboard; sourceTree = "<group>"; };
		7AEC29EB2013828C00B13116 /* Info.plist */ = {isa = PBXFileReference; lastKnownFileType = text.plist.xml; path = Info.plist; sourceTree = "<group>"; };
		7AEC29F02013828C00B13116 /* ToDidAppTests.xctest */ = {isa = PBXFileReference; explicitFileType = wrapper.cfbundle; includeInIndex = 0; path = ToDidAppTests.xctest; sourceTree = BUILT_PRODUCTS_DIR; };
		7AEC29F42013828C00B13116 /* ToDidAppTests.swift */ = {isa = PBXFileReference; lastKnownFileType = sourcecode.swift; path = ToDidAppTests.swift; sourceTree = "<group>"; };
		7AEC29F62013828C00B13116 /* Info.plist */ = {isa = PBXFileReference; lastKnownFileType = text.plist.xml; path = Info.plist; sourceTree = "<group>"; };
		7AEC29FB2013828C00B13116 /* ToDidAppUITests.xctest */ = {isa = PBXFileReference; explicitFileType = wrapper.cfbundle; includeInIndex = 0; path = ToDidAppUITests.xctest; sourceTree = BUILT_PRODUCTS_DIR; };
		7AEC29FF2013828C00B13116 /* ToDidAppUITests.swift */ = {isa = PBXFileReference; lastKnownFileType = sourcecode.swift; path = ToDidAppUITests.swift; sourceTree = "<group>"; };
		7AEC2A012013828C00B13116 /* Info.plist */ = {isa = PBXFileReference; lastKnownFileType = text.plist.xml; path = Info.plist; sourceTree = "<group>"; };
/* End PBXFileReference section */

/* Begin PBXFrameworksBuildPhase section */
		7AEC29D62013828C00B13116 /* Frameworks */ = {
			isa = PBXFrameworksBuildPhase;
			buildActionMask = 2147483647;
			files = (
			);
			runOnlyForDeploymentPostprocessing = 0;
		};
		7AEC29ED2013828C00B13116 /* Frameworks */ = {
			isa = PBXFrameworksBuildPhase;
			buildActionMask = 2147483647;
			files = (
			);
			runOnlyForDeploymentPostprocessing = 0;
		};
		7AEC29F82013828C00B13116 /* Frameworks */ = {
			isa = PBXFrameworksBuildPhase;
			buildActionMask = 2147483647;
			files = (
			);
			runOnlyForDeploymentPostprocessing = 0;
		};
/* End PBXFrameworksBuildPhase section */

/* Begin PBXGroup section */
		7AEC29D02013828C00B13116 = {
			isa = PBXGroup;
			children = (
				7AEC29DB2013828C00B13116 /* ToDidApp */,
				7AEC29F32013828C00B13116 /* ToDidAppTests */,
				7AEC29FE2013828C00B13116 /* ToDidAppUITests */,
				7AEC29DA2013828C00B13116 /* Products */,
			);
			sourceTree = "<group>";
		};
		7AEC29DA2013828C00B13116 /* Products */ = {
			isa = PBXGroup;
			children = (
				7AEC29D92013828C00B13116 /* ToDidApp.app */,
				7AEC29F02013828C00B13116 /* ToDidAppTests.xctest */,
				7AEC29FB2013828C00B13116 /* ToDidAppUITests.xctest */,
			);
			name = Products;
			sourceTree = "<group>";
		};
		7AEC29DB2013828C00B13116 /* ToDidApp */ = {
			isa = PBXGroup;
			children = (
				7AEC29DC2013828C00B13116 /* AppDelegate.swift */,
				7AEC29DE2013828C00B13116 /* ViewController.swift */,
				7AEC29E02013828C00B13116 /* Main.storyboard */,
				7AEC29E62013828C00B13116 /* Assets.xcassets */,
				7AEC29E82013828C00B13116 /* LaunchScreen.storyboard */,
				7AEC29EB2013828C00B13116 /* Info.plist */,
				7AEC29E32013828C00B13116 /* ToDidApp.xcdatamodeld */,
			);
			path = ToDidApp;
			sourceTree = "<group>";
		};
		7AEC29F32013828C00B13116 /* ToDidAppTests */ = {
			isa = PBXGroup;
			children = (
				7AEC29F42013828C00B13116 /* ToDidAppTests.swift */,
				7AEC29F62013828C00B13116 /* Info.plist */,
			);
			path = ToDidAppTests;
			sourceTree = "<group>";
		};
		7AEC29FE2013828C00B13116 /* ToDidAppUITests */ = {
			isa = PBXGroup;
			children = (
				7AEC29FF2013828C00B13116 /* ToDidAppUITests.swift */,
				7AEC2A012013828C00B13116 /* Info.plist */,
			);
			path = ToDidAppUITests;
			sourceTree = "<group>";
		};
/* End PBXGroup section */

/* Begin PBXNativeTarget section */
		7AEC29D82013828C00B13116 /* ToDidApp */ = {
			isa = PBXNativeTarget;
			buildConfigurationList = 7AEC2A042013828C00B13116 /* Build configuration list for PBXNativeTarget "ToDidApp" */;
			buildPhases = (
				7AEC29D52013828C00B13116 /* Sources */,
				7AEC29D62013828C00B13116 /* Frameworks */,
				7AEC29D72013828C00B13116 /* Resources */,
			);
			buildRules = (
			);
			dependencies = (
			);
			name = ToDidApp;
			productName = ToDidApp;
			productReference = 7AEC29D92013828C00B13116 /* ToDidApp.app */;
			productType = "com.apple.product-type.application";
		};
		7AEC29EF2013828C00B13116 /* ToDidAppTests */ = {
			isa = PBXNativeTarget;
			buildConfigurationList = 7AEC2A072013828C00B13116 /* Build configuration list for PBXNativeTarget "ToDidAppTests" */;
			buildPhases = (
				7AEC29EC2013828C00B13116 /* Sources */,
				7AEC29ED2013828C00B13116 /* Frameworks */,
				7AEC29EE2013828C00B13116 /* Resources */,
			);
			buildRules = (
			);
			dependencies = (
				7AEC29F22013828C00B13116 /* PBXTargetDependency */,
			);
			name = ToDidAppTests;
			productName = ToDidAppTests;
			productReference = 7AEC29F02013828C00B13116 /* ToDidAppTests.xctest */;
			productType = "com.apple.product-type.bundle.unit-test";
		};
		7AEC29FA2013828C00B13116 /* ToDidAppUITests */ = {
			isa = PBXNativeTarget;
			buildConfigurationList = 7AEC2A0A2013828C00B13116 /* Build configuration list for PBXNativeTarget "ToDidAppUITests" */;
			buildPhases = (
				7AEC29F72013828C00B13116 /* Sources */,
				7AEC29F82013828C00B13116 /* Frameworks */,
				7AEC29F92013828C00B13116 /* Resources */,
			);
			buildRules = (
			);
			dependencies = (
				7AEC29FD2013828C00B13116 /* PBXTargetDependency */,
			);
			name = ToDidAppUITests;
			productName = ToDidAppUITests;
			productReference = 7AEC29FB2013828C00B13116 /* ToDidAppUITests.xctest */;
			productType = "com.apple.product-type.bundle.ui-testing";
		};
/* End PBXNativeTarget section */

/* Begin PBXProject section */
		7AEC29D12013828C00B13116 /* Project object */ = {
			isa = PBXProject;
			attributes = {
				LastSwiftUpdateCheck = 0920;
				LastUpgradeCheck = 0920;
				ORGANIZATIONNAME = "冨樫公一";
				TargetAttributes = {
					7AEC29D82013828C00B13116 = {
						CreatedOnToolsVersion = 9.2;
						ProvisioningStyle = Automatic;
					};
					7AEC29EF2013828C00B13116 = {
						CreatedOnToolsVersion = 9.2;
						ProvisioningStyle = Automatic;
						TestTargetID = 7AEC29D82013828C00B13116;
					};
					7AEC29FA2013828C00B13116 = {
						CreatedOnToolsVersion = 9.2;
						ProvisioningStyle = Automatic;
						TestTargetID = 7AEC29D82013828C00B13116;
					};
				};
			};
			buildConfigurationList = 7AEC29D42013828C00B13116 /* Build configuration list for PBXProject "ToDidApp" */;
			compatibilityVersion = "Xcode 8.0";
			developmentRegion = en;
			hasScannedForEncodings = 0;
			knownRegions = (
				en,
				Base,
			);
			mainGroup = 7AEC29D02013828C00B13116;
			productRefGroup = 7AEC29DA2013828C00B13116 /* Products */;
			projectDirPath = "";
			projectRoot = "";
			targets = (
				7AEC29D82013828C00B13116 /* ToDidApp */,
				7AEC29EF2013828C00B13116 /* ToDidAppTests */,
				7AEC29FA2013828C00B13116 /* ToDidAppUITests */,
			);
		};
/* End PBXProject section */

/* Begin PBXResourcesBuildPhase section */
		7AEC29D72013828C00B13116 /* Resources */ = {
			isa = PBXResourcesBuildPhase;
			buildActionMask = 2147483647;
			files = (
				7AEC29EA2013828C00B13116 /* LaunchScreen.storyboard in Resources */,
				7AEC29E72013828C00B13116 /* Assets.xcassets in Resources */,
				7AEC29E22013828C00B13116 /* Main.storyboard in Resources */,
			);
			runOnlyForDeploymentPostprocessing = 0;
		};
		7AEC29EE2013828C00B13116 /* Resources */ = {
			isa = PBXResourcesBuildPhase;
			buildActionMask = 2147483647;
			files = (
			);
			runOnlyForDeploymentPostprocessing = 0;
		};
		7AEC29F92013828C00B13116 /* Resources */ = {
			isa = PBXResourcesBuildPhase;
			buildActionMask = 2147483647;
			files = (
			);
			runOnlyForDeploymentPostprocessing = 0;
		};
/* End PBXResourcesBuildPhase section */

/* Begin PBXSourcesBuildPhase section */
		7AEC29D52013828C00B13116 /* Sources */ = {
			isa = PBXSourcesBuildPhase;
			buildActionMask = 2147483647;
			files = (
				7AEC29DF2013828C00B13116 /* ViewController.swift in Sources */,
				7AEC29E52013828C00B13116 /* ToDidApp.xcdatamodeld in Sources */,
				7AEC29DD2013828C00B13116 /* AppDelegate.swift in Sources */,
			);
			runOnlyForDeploymentPostprocessing = 0;
		};
		7AEC29EC2013828C00B13116 /* Sources */ = {
			isa = PBXSourcesBuildPhase;
			buildActionMask = 2147483647;
			files = (
				7AEC29F52013828C00B13116 /* ToDidAppTests.swift in Sources */,
			);
			runOnlyForDeploymentPostprocessing = 0;
		};
		7AEC29F72013828C00B13116 /* Sources */ = {
			isa = PBXSourcesBuildPhase;
			buildActionMask = 2147483647;
			files = (
				7AEC2A002013828C00B13116 /* ToDidAppUITests.swift in Sources */,
			);
			runOnlyForDeploymentPostprocessing = 0;
		};
/* End PBXSourcesBuildPhase section */

/* Begin PBXTargetDependency section */
		7AEC29F22013828C00B13116 /* PBXTargetDependency */ = {
			isa = PBXTargetDependency;
			target = 7AEC29D82013828C00B13116 /* ToDidApp */;
			targetProxy = 7AEC29F12013828C00B13116 /* PBXContainerItemProxy */;
		};
		7AEC29FD2013828C00B13116 /* PBXTargetDependency */ = {
			isa = PBXTargetDependency;
			target = 7AEC29D82013828C00B13116 /* ToDidApp */;
			targetProxy = 7AEC29FC2013828C00B13116 /* PBXContainerItemProxy */;
		};
/* End PBXTargetDependency section */

/* Begin PBXVariantGroup section */
		7AEC29E02013828C00B13116 /* Main.storyboard */ = {
			isa = PBXVariantGroup;
			children = (
				7AEC29E12013828C00B13116 /* Base */,
			);
			name = Main.storyboard;
			sourceTree = "<group>";
		};
		7AEC29E82013828C00B13116 /* LaunchScreen.storyboard */ = {
			isa = PBXVariantGroup;
			children = (
				7AEC29E92013828C00B13116 /* Base */,
			);
			name = LaunchScreen.storyboard;
			sourceTree = "<group>";
		};
/* End PBXVariantGroup section */

/* Begin XCBuildConfiguration section */
		7AEC2A022013828C00B13116 /* Debug */ = {
			isa = XCBuildConfiguration;
			buildSettings = {
				ALWAYS_SEARCH_USER_PATHS = NO;
				CLANG_ANALYZER_NONNULL = YES;
				CLANG_ANALYZER_NUMBER_OBJECT_CONVERSION = YES_AGGRESSIVE;
				CLANG_CXX_LANGUAGE_STANDARD = "gnu++14";
				CLANG_CXX_LIBRARY = "libc++";
				CLANG_ENABLE_MODULES = YES;
				CLANG_ENABLE_OBJC_ARC = YES;
				CLANG_WARN_BLOCK_CAPTURE_AUTORELEASING = YES;
				CLANG_WARN_BOOL_CONVERSION = YES;
				CLANG_WARN_COMMA = YES;
				CLANG_WARN_CONSTANT_CONVERSION = YES;
				CLANG_WARN_DIRECT_OBJC_ISA_USAGE = YES_ERROR;
				CLANG_WARN_DOCUMENTATION_COMMENTS = YES;
				CLANG_WARN_EMPTY_BODY = YES;
				CLANG_WARN_ENUM_CONVERSION = YES;
				CLANG_WARN_INFINITE_RECURSION = YES;
				CLANG_WARN_INT_CONVERSION = YES;
				CLANG_WARN_NON_LITERAL_NULL_CONVERSION = YES;
				CLANG_WARN_OBJC_LITERAL_CONVERSION = YES;
				CLANG_WARN_OBJC_ROOT_CLASS = YES_ERROR;
				CLANG_WARN_RANGE_LOOP_ANALYSIS = YES;
				CLANG_WARN_STRICT_PROTOTYPES = YES;
				CLANG_WARN_SUSPICIOUS_MOVE = YES;
				CLANG_WARN_UNGUARDED_AVAILABILITY = YES_AGGRESSIVE;
				CLANG_WARN_UNREACHABLE_CODE = YES;
				CLANG_WARN__DUPLICATE_METHOD_MATCH = YES;
				CODE_SIGN_IDENTITY = "iPhone Developer";
				COPY_PHASE_STRIP = NO;
				DEBUG_INFORMATION_FORMAT = dwarf;
				ENABLE_STRICT_OBJC_MSGSEND = YES;
				ENABLE_TESTABILITY = YES;
				GCC_C_LANGUAGE_STANDARD = gnu11;
				GCC_DYNAMIC_NO_PIC = NO;
				GCC_NO_COMMON_BLOCKS = YES;
				GCC_OPTIMIZATION_LEVEL = 0;
				GCC_PREPROCESSOR_DEFINITIONS = (
					"DEBUG=1",
					"$(inherited)",
				);
				GCC_WARN_64_TO_32_BIT_CONVERSION = YES;
				GCC_WARN_ABOUT_RETURN_TYPE = YES_ERROR;
				GCC_WARN_UNDECLARED_SELECTOR = YES;
				GCC_WARN_UNINITIALIZED_AUTOS = YES_AGGRESSIVE;
				GCC_WARN_UNUSED_FUNCTION = YES;
				GCC_WARN_UNUSED_VARIABLE = YES;
				IPHONEOS_DEPLOYMENT_TARGET = 11.2;
				MTL_ENABLE_DEBUG_INFO = YES;
				ONLY_ACTIVE_ARCH = YES;
				SDKROOT = iphoneos;
				SWIFT_ACTIVE_COMPILATION_CONDITIONS = DEBUG;
				SWIFT_OPTIMIZATION_LEVEL = "-Onone";
			};
			name = Debug;
		};
		7AEC2A032013828C00B13116 /* Release */ = {
			isa = XCBuildConfiguration;
			buildSettings = {
				ALWAYS_SEARCH_USER_PATHS = NO;
				CLANG_ANALYZER_NONNULL = YES;
				CLANG_ANALYZER_NUMBER_OBJECT_CONVERSION = YES_AGGRESSIVE;
				CLANG_CXX_LANGUAGE_STANDARD = "gnu++14";
				CLANG_CXX_LIBRARY = "libc++";
				CLANG_ENABLE_MODULES = YES;
				CLANG_ENABLE_OBJC_ARC = YES;
				CLANG_WARN_BLOCK_CAPTURE_AUTORELEASING = YES;
				CLANG_WARN_BOOL_CONVERSION = YES;
				CLANG_WARN_COMMA = YES;
				CLANG_WARN_CONSTANT_CONVERSION = YES;
				CLANG_WARN_DIRECT_OBJC_ISA_USAGE = YES_ERROR;
				CLANG_WARN_DOCUMENTATION_COMMENTS = YES;
				CLANG_WARN_EMPTY_BODY = YES;
				CLANG_WARN_ENUM_CONVERSION = YES;
				CLANG_WARN_INFINITE_RECURSION = YES;
				CLANG_WARN_INT_CONVERSION = YES;
				CLANG_WARN_NON_LITERAL_NULL_CONVERSION = YES;
				CLANG_WARN_OBJC_LITERAL_CONVERSION = YES;
				CLANG_WARN_OBJC_ROOT_CLASS = YES_ERROR;
				CLANG_WARN_RANGE_LOOP_ANALYSIS = YES;
				CLANG_WARN_STRICT_PROTOTYPES = YES;
				CLANG_WARN_SUSPICIOUS_MOVE = YES;
				CLANG_WARN_UNGUARDED_AVAILABILITY = YES_AGGRESSIVE;
				CLANG_WARN_UNREACHABLE_CODE = YES;
				CLANG_WARN__DUPLICATE_METHOD_MATCH = YES;
				CODE_SIGN_IDENTITY = "iPhone Developer";
				COPY_PHASE_STRIP = NO;
				DEBUG_INFORMATION_FORMAT = "dwarf-with-dsym";
				ENABLE_NS_ASSERTIONS = NO;
				ENABLE_STRICT_OBJC_MSGSEND = YES;
				GCC_C_LANGUAGE_STANDARD = gnu11;
				GCC_NO_COMMON_BLOCKS = YES;
				GCC_WARN_64_TO_32_BIT_CONVERSION = YES;
				GCC_WARN_ABOUT_RETURN_TYPE = YES_ERROR;
				GCC_WARN_UNDECLARED_SELECTOR = YES;
				GCC_WARN_UNINITIALIZED_AUTOS = YES_AGGRESSIVE;
				GCC_WARN_UNUSED_FUNCTION = YES;
				GCC_WARN_UNUSED_VARIABLE = YES;
				IPHONEOS_DEPLOYMENT_TARGET = 11.2;
				MTL_ENABLE_DEBUG_INFO = NO;
				SDKROOT = iphoneos;
				SWIFT_OPTIMIZATION_LEVEL = "-Owholemodule";
				VALIDATE_PRODUCT = YES;
			};
			name = Release;
		};
		7AEC2A052013828C00B13116 /* Debug */ = {
			isa = XCBuildConfiguration;
			buildSettings = {
				ASSETCATALOG_COMPILER_APPICON_NAME = AppIcon;
				CODE_SIGN_STYLE = Automatic;
				DEVELOPMENT_TEAM = 6W9W59PDBH;
				INFOPLIST_FILE = ToDidApp/Info.plist;
				LD_RUNPATH_SEARCH_PATHS = "$(inherited) @executable_path/Frameworks";
				PRODUCT_BUNDLE_IDENTIFIER = hamProject.ToDidApp;
				PRODUCT_NAME = "$(TARGET_NAME)";
				SWIFT_VERSION = 4.0;
				TARGETED_DEVICE_FAMILY = "1,2";
			};
			name = Debug;
		};
		7AEC2A062013828C00B13116 /* Release */ = {
			isa = XCBuildConfiguration;
			buildSettings = {
				ASSETCATALOG_COMPILER_APPICON_NAME = AppIcon;
				CODE_SIGN_STYLE = Automatic;
				DEVELOPMENT_TEAM = 6W9W59PDBH;
				INFOPLIST_FILE = ToDidApp/Info.plist;
				LD_RUNPATH_SEARCH_PATHS = "$(inherited) @executable_path/Frameworks";
				PRODUCT_BUNDLE_IDENTIFIER = hamProject.ToDidApp;
				PRODUCT_NAME = "$(TARGET_NAME)";
				SWIFT_VERSION = 4.0;
				TARGETED_DEVICE_FAMILY = "1,2";
			};
			name = Release;
		};
		7AEC2A082013828C00B13116 /* Debug */ = {
			isa = XCBuildConfiguration;
			buildSettings = {
				ALWAYS_EMBED_SWIFT_STANDARD_LIBRARIES = YES;
				BUNDLE_LOADER = "$(TEST_HOST)";
				CODE_SIGN_STYLE = Automatic;
				DEVELOPMENT_TEAM = 6W9W59PDBH;
				INFOPLIST_FILE = ToDidAppTests/Info.plist;
				LD_RUNPATH_SEARCH_PATHS = "$(inherited) @executable_path/Frameworks @loader_path/Frameworks";
				PRODUCT_BUNDLE_IDENTIFIER = hamProject.ToDidAppTests;
				PRODUCT_NAME = "$(TARGET_NAME)";
				SWIFT_VERSION = 4.0;
				TARGETED_DEVICE_FAMILY = "1,2";
				TEST_HOST = "$(BUILT_PRODUCTS_DIR)/ToDidApp.app/ToDidApp";
			};
			name = Debug;
		};
		7AEC2A092013828C00B13116 /* Release */ = {
			isa = XCBuildConfiguration;
			buildSettings = {
				ALWAYS_EMBED_SWIFT_STANDARD_LIBRARIES = YES;
				BUNDLE_LOADER = "$(TEST_HOST)";
				CODE_SIGN_STYLE = Automatic;
				DEVELOPMENT_TEAM = 6W9W59PDBH;
				INFOPLIST_FILE = ToDidAppTests/Info.plist;
				LD_RUNPATH_SEARCH_PATHS = "$(inherited) @executable_path/Frameworks @loader_path/Frameworks";
				PRODUCT_BUNDLE_IDENTIFIER = hamProject.ToDidAppTests;
				PRODUCT_NAME = "$(TARGET_NAME)";
				SWIFT_VERSION = 4.0;
				TARGETED_DEVICE_FAMILY = "1,2";
				TEST_HOST = "$(BUILT_PRODUCTS_DIR)/ToDidApp.app/ToDidApp";
			};
			name = Release;
		};
		7AEC2A0B2013828C00B13116 /* Debug */ = {
			isa = XCBuildConfiguration;
			buildSettings = {
				ALWAYS_EMBED_SWIFT_STANDARD_LIBRARIES = YES;
				CODE_SIGN_STYLE = Automatic;
				DEVELOPMENT_TEAM = 6W9W59PDBH;
				INFOPLIST_FILE = ToDidAppUITests/Info.plist;
				LD_RUNPATH_SEARCH_PATHS = "$(inherited) @executable_path/Frameworks @loader_path/Frameworks";
				PRODUCT_BUNDLE_IDENTIFIER = hamProject.ToDidAppUITests;
				PRODUCT_NAME = "$(TARGET_NAME)";
				SWIFT_VERSION = 4.0;
				TARGETED_DEVICE_FAMILY = "1,2";
				TEST_TARGET_NAME = ToDidApp;
			};
			name = Debug;
		};
		7AEC2A0C2013828C00B13116 /* Release */ = {
			isa = XCBuildConfiguration;
			buildSettings = {
				ALWAYS_EMBED_SWIFT_STANDARD_LIBRARIES = YES;
				CODE_SIGN_STYLE = Automatic;
				DEVELOPMENT_TEAM = 6W9W59PDBH;
				INFOPLIST_FILE = ToDidAppUITests/Info.plist;
				LD_RUNPATH_SEARCH_PATHS = "$(inherited) @executable_path/Frameworks @loader_path/Frameworks";
				PRODUCT_BUNDLE_IDENTIFIER = hamProject.ToDidAppUITests;
				PRODUCT_NAME = "$(TARGET_NAME)";
				SWIFT_VERSION = 4.0;
				TARGETED_DEVICE_FAMILY = "1,2";
				TEST_TARGET_NAME = ToDidApp;
			};
			name = Release;
		};
/* End XCBuildConfiguration section */

/* Begin XCConfigurationList section */
		7AEC29D42013828C00B13116 /* Build configuration list for PBXProject "ToDidApp" */ = {
			isa = XCConfigurationList;
			buildConfigurations = (
				7AEC2A022013828C00B13116 /* Debug */,
				7AEC2A032013828C00B13116 /* Release */,
			);
			defaultConfigurationIsVisible = 0;
			defaultConfigurationName = Release;
		};
		7AEC2A042013828C00B13116 /* Build configuration list for PBXNativeTarget "ToDidApp" */ = {
			isa = XCConfigurationList;
			buildConfigurations = (
				7AEC2A052013828C00B13116 /* Debug */,
				7AEC2A062013828C00B13116 /* Release */,
			);
			defaultConfigurationIsVisible = 0;
			defaultConfigurationName = Release;
		};
		7AEC2A072013828C00B13116 /* Build configuration list for PBXNativeTarget "ToDidAppTests" */ = {
			isa = XCConfigurationList;
			buildConfigurations = (
				7AEC2A082013828C00B13116 /* Debug */,
				7AEC2A092013828C00B13116 /* Release */,
			);
			defaultConfigurationIsVisible = 0;
			defaultConfigurationName = Release;
		};
		7AEC2A0A2013828C00B13116 /* Build configuration list for PBXNativeTarget "ToDidAppUITests" */ = {
			isa = XCConfigurationList;
			buildConfigurations = (
				7AEC2A0B2013828C00B13116 /* Debug */,
				7AEC2A0C2013828C00B13116 /* Release */,
			);
			defaultConfigurationIsVisible = 0;
			defaultConfigurationName = Release;
		};
/* End XCConfigurationList section */

/* Begin XCVersionGroup section */
		7AEC29E32013828C00B13116 /* ToDidApp.xcdatamodeld */ = {
			isa = XCVersionGroup;
			children = (
				7AEC29E42013828C00B13116 /* ToDidApp.xcdatamodel */,
			);
			currentVersion = 7AEC29E42013828C00B13116 /* ToDidApp.xcdatamodel */;
			path = ToDidApp.xcdatamodeld;
			sourceTree = "<group>";
			versionGroupType = wrapper.xcdatamodel;
		};
/* End XCVersionGroup section */
	};
	rootObject = 7AEC29D12013828C00B13116 /* Project object */;
}
